
Microsoft Visual Studio Solution File, Format Version 12.00
# Visual Studio Version 17
VisualStudioVersion = 17.3.32922.545
MinimumVisualStudioVersion = 10.0.40219.1
Project("{FAE04EC0-301F-11D3-BF4B-00C04F79EFBC}") = "test_kadri", "test_kadri.csproj", "{6FC7E635-01F3-45A8-A455-13F79D281383}"
EndProject
Global
	GlobalSection(SolutionConfigurationPlatforms) = preSolution
		Debug|Any CPU = Debug|Any CPU
		Release|Any CPU = Release|Any CPU
	EndGlobalSection
	GlobalSection(ProjectConfigurationPlatforms) = postSolution
		{6FC7E635-01F3-45A8-A455-13F79D281383}.Debug|Any CPU.ActiveCfg = Debug|Any CPU
		{6FC7E635-01F3-45A8-A455-13F79D281383}.Debug|Any CPU.Build.0 = Debug|Any CPU
		{6FC7E635-01F3-45A8-A455-13F79D281383}.Release|Any CPU.ActiveCfg = Release|Any CPU
		{6FC7E635-01F3-45A8-A455-13F79D281383}.Release|Any CPU.Build.0 = Release|Any CPU
	EndGlobalSection
	GlobalSection(SolutionProperties) = preSolution
		HideSolutionNode = FALSE
	EndGlobalSection
	GlobalSection(ExtensibilityGlobals) = postSolution
		SolutionGuid = {C062A727-FCB7-4650-AD02-2FC4568581CA}
	EndGlobalSection
EndGlobal
